
Microsoft Visual Studio Solution File, Format Version 12.00
# Visual Studio Version 17
VisualStudioVersion = 17.2.32630.192
MinimumVisualStudioVersion = 10.0.40219.1
Project("{FAE04EC0-301F-11D3-BF4B-00C04F79EFBC}") = "MyCalculator", "MyCalculator\MyCalculator.csproj", "{C5CA3607-47BB-461B-962F-7DDBA6FE1BD7}"
EndProject
Global
	GlobalSection(SolutionConfigurationPlatforms) = preSolution
		Debug|Any CPU = Debug|Any CPU
		Release|Any CPU = Release|Any CPU
	EndGlobalSection
	GlobalSection(ProjectConfigurationPlatforms) = postSolution
		{C5CA3607-47BB-461B-962F-7DDBA6FE1BD7}.Debug|Any CPU.ActiveCfg = Debug|Any CPU
		{C5CA3607-47BB-461B-962F-7DDBA6FE1BD7}.Debug|Any CPU.Build.0 = Debug|Any CPU
		{C5CA3607-47BB-461B-962F-7DDBA6FE1BD7}.Release|Any CPU.ActiveCfg = Release|Any CPU
		{C5CA3607-47BB-461B-962F-7DDBA6FE1BD7}.Release|Any CPU.Build.0 = Release|Any CPU
	EndGlobalSection
	GlobalSection(SolutionProperties) = preSolution
		HideSolutionNode = FALSE
	EndGlobalSection
	GlobalSection(ExtensibilityGlobals) = postSolution
		SolutionGuid = {663EEBEC-2640-470B-8D53-6B3AC4922D2C}
	EndGlobalSection
EndGlobal
